// !$*UTF8*$!
{
	archiveVersion = 1;
	classes = {
	};
	objectVersion = 46;
	objects = {

/* Begin PBXBuildFile section */
		020137E31FF0053D00824DB8 /* AppDelegate.swift in Sources */ = {isa = PBXBuildFile; fileRef = 020137E21FF0053D00824DB8 /* AppDelegate.swift */; };
		020137E81FF0053D00824DB8 /* Main.storyboard in Resources */ = {isa = PBXBuildFile; fileRef = 020137E61FF0053D00824DB8 /* Main.storyboard */; };
		020137EA1FF0053D00824DB8 /* Assets.xcassets in Resources */ = {isa = PBXBuildFile; fileRef = 020137E91FF0053D00824DB8 /* Assets.xcassets */; };
		020137ED1FF0053D00824DB8 /* LaunchScreen.storyboard in Resources */ = {isa = PBXBuildFile; fileRef = 020137EB1FF0053D00824DB8 /* LaunchScreen.storyboard */; };
		020138031FF0053D00824DB8 /* MNFlickrUITests.swift in Sources */ = {isa = PBXBuildFile; fileRef = 020138021FF0053D00824DB8 /* MNFlickrUITests.swift */; };
		020138121FF0137100824DB8 /* RequestsManager.swift in Sources */ = {isa = PBXBuildFile; fileRef = 020138111FF0137100824DB8 /* RequestsManager.swift */; };
		02B44D1E1FF054BE00907F11 /* DataParser.swift in Sources */ = {isa = PBXBuildFile; fileRef = 02B44D1D1FF054BE00907F11 /* DataParser.swift */; };
		02B44D211FF06E1900907F11 /* DataParserTests.swift in Sources */ = {isa = PBXBuildFile; fileRef = 02B44D201FF06E1900907F11 /* DataParserTests.swift */; };
		02B44D241FF0764400907F11 /* FlickrFixture.json in Resources */ = {isa = PBXBuildFile; fileRef = 02B44D231FF0764400907F11 /* FlickrFixture.json */; };
		02B44D271FF0771E00907F11 /* FixturesLoader.swift in Sources */ = {isa = PBXBuildFile; fileRef = 02B44D261FF0771E00907F11 /* FixturesLoader.swift */; };
		02B44D2A1FF07F6E00907F11 /* ViewController.swift in Sources */ = {isa = PBXBuildFile; fileRef = 02B44D291FF07F6E00907F11 /* ViewController.swift */; };
		02B44D2C1FF0803100907F11 /* ViewControllerInteractor.swift in Sources */ = {isa = PBXBuildFile; fileRef = 02B44D2B1FF0803100907F11 /* ViewControllerInteractor.swift */; };
		02B44D2E1FF0889400907F11 /* ViewControllerPresenter.swift in Sources */ = {isa = PBXBuildFile; fileRef = 02B44D2D1FF0889400907F11 /* ViewControllerPresenter.swift */; };
		02B44D311FF3234A00907F11 /* ImageModel.swift in Sources */ = {isa = PBXBuildFile; fileRef = 02B44D301FF3234A00907F11 /* ImageModel.swift */; };
		02D896141FF5B6E2006566C4 /* Constants.swift in Sources */ = {isa = PBXBuildFile; fileRef = 02D896131FF5B6E2006566C4 /* Constants.swift */; };
		02D896161FF5B71D006566C4 /* Extensions.swift in Sources */ = {isa = PBXBuildFile; fileRef = 02D896151FF5B71D006566C4 /* Extensions.swift */; };
		C09BBC7339B117E656174652 /* Pods_MNFlickrUITests.framework in Frameworks */ = {isa = PBXBuildFile; fileRef = E2E99195F88A59F3DD3B8E20 /* Pods_MNFlickrUITests.framework */; };
		D2F6EAAD1FF677C000ABEBF8 /* ExtensionsTests.swift in Sources */ = {isa = PBXBuildFile; fileRef = D2F6EAAC1FF677C000ABEBF8 /* ExtensionsTests.swift */; };
		D2F6EAB01FF67AC400ABEBF8 /* ImageModelTests.swift in Sources */ = {isa = PBXBuildFile; fileRef = D2F6EAAF1FF67AC400ABEBF8 /* ImageModelTests.swift */; };
		D2F6EAB31FF6803800ABEBF8 /* ImageFixture.json in Resources */ = {isa = PBXBuildFile; fileRef = D2F6EAB21FF67F7B00ABEBF8 /* ImageFixture.json */; };
		D2F6EAB51FF683DF00ABEBF8 /* ImageFixtureIncorrect.json in Resources */ = {isa = PBXBuildFile; fileRef = D2F6EAB41FF6834A00ABEBF8 /* ImageFixtureIncorrect.json */; };
		D2F6EAB91FF686BE00ABEBF8 /* BasicAlert.swift in Sources */ = {isa = PBXBuildFile; fileRef = D2F6EAB81FF686BE00ABEBF8 /* BasicAlert.swift */; };
		D2F6EABB1FF68D0400ABEBF8 /* AlertsManager.swift in Sources */ = {isa = PBXBuildFile; fileRef = D2F6EABA1FF68D0400ABEBF8 /* AlertsManager.swift */; };
		D2F6EABD1FF6940E00ABEBF8 /* Module.swift in Sources */ = {isa = PBXBuildFile; fileRef = D2F6EABC1FF6940E00ABEBF8 /* Module.swift */; };
		F4584944E39013B4FE672D6C /* Pods_MNFlickr.framework in Frameworks */ = {isa = PBXBuildFile; fileRef = BE4EAFE10518AD33BB7511D7 /* Pods_MNFlickr.framework */; };
		FE48D0A5F62A7F816EE64E40 /* Pods_MNFlickrTests.framework in Frameworks */ = {isa = PBXBuildFile; fileRef = 5666E50A914CA7F6DFA49B0C /* Pods_MNFlickrTests.framework */; };
/* End PBXBuildFile section */

/* Begin PBXContainerItemProxy section */
		020137F41FF0053D00824DB8 /* PBXContainerItemProxy */ = {
			isa = PBXContainerItemProxy;
			containerPortal = 020137D71FF0053D00824DB8 /* Project object */;
			proxyType = 1;
			remoteGlobalIDString = 020137DE1FF0053D00824DB8;
			remoteInfo = MNFlickr;
		};
		020137FF1FF0053D00824DB8 /* PBXContainerItemProxy */ = {
			isa = PBXContainerItemProxy;
			containerPortal = 020137D71FF0053D00824DB8 /* Project object */;
			proxyType = 1;
			remoteGlobalIDString = 020137DE1FF0053D00824DB8;
			remoteInfo = MNFlickr;
		};
/* End PBXContainerItemProxy section */

/* Begin PBXFileReference section */
		020137DF1FF0053D00824DB8 /* MNFlickr.app */ = {isa = PBXFileReference; explicitFileType = wrapper.application; includeInIndex = 0; path = MNFlickr.app; sourceTree = BUILT_PRODUCTS_DIR; };
		020137E21FF0053D00824DB8 /* AppDelegate.swift */ = {isa = PBXFileReference; lastKnownFileType = sourcecode.swift; path = AppDelegate.swift; sourceTree = "<group>"; };
		020137E71FF0053D00824DB8 /* Base */ = {isa = PBXFileReference; lastKnownFileType = file.storyboard; name = Base; path = Base.lproj/Main.storyboard; sourceTree = "<group>"; };
		020137E91FF0053D00824DB8 /* Assets.xcassets */ = {isa = PBXFileReference; lastKnownFileType = folder.assetcatalog; path = Assets.xcassets; sourceTree = "<group>"; };
		020137EC1FF0053D00824DB8 /* Base */ = {isa = PBXFileReference; lastKnownFileType = file.storyboard; name = Base; path = Base.lproj/LaunchScreen.storyboard; sourceTree = "<group>"; };
		020137EE1FF0053D00824DB8 /* Info.plist */ = {isa = PBXFileReference; lastKnownFileType = text.plist.xml; path = Info.plist; sourceTree = "<group>"; };
		020137F31FF0053D00824DB8 /* MNFlickrTests.xctest */ = {isa = PBXFileReference; explicitFileType = wrapper.cfbundle; includeInIndex = 0; path = MNFlickrTests.xctest; sourceTree = BUILT_PRODUCTS_DIR; };
		020137F91FF0053D00824DB8 /* Info.plist */ = {isa = PBXFileReference; lastKnownFileType = text.plist.xml; path = Info.plist; sourceTree = "<group>"; };
		020137FE1FF0053D00824DB8 /* MNFlickrUITests.xctest */ = {isa = PBXFileReference; explicitFileType = wrapper.cfbundle; includeInIndex = 0; path = MNFlickrUITests.xctest; sourceTree = BUILT_PRODUCTS_DIR; };
		020138021FF0053D00824DB8 /* MNFlickrUITests.swift */ = {isa = PBXFileReference; lastKnownFileType = sourcecode.swift; path = MNFlickrUITests.swift; sourceTree = "<group>"; };
		020138041FF0053D00824DB8 /* Info.plist */ = {isa = PBXFileReference; lastKnownFileType = text.plist.xml; path = Info.plist; sourceTree = "<group>"; };
		020138111FF0137100824DB8 /* RequestsManager.swift */ = {isa = PBXFileReference; fileEncoding = 4; lastKnownFileType = sourcecode.swift; path = RequestsManager.swift; sourceTree = "<group>"; };
		02B44D1D1FF054BE00907F11 /* DataParser.swift */ = {isa = PBXFileReference; fileEncoding = 4; lastKnownFileType = sourcecode.swift; path = DataParser.swift; sourceTree = "<group>"; };
		02B44D201FF06E1900907F11 /* DataParserTests.swift */ = {isa = PBXFileReference; fileEncoding = 4; lastKnownFileType = sourcecode.swift; path = DataParserTests.swift; sourceTree = "<group>"; };
		02B44D231FF0764400907F11 /* FlickrFixture.json */ = {isa = PBXFileReference; fileEncoding = 4; lastKnownFileType = text.json; path = FlickrFixture.json; sourceTree = "<group>"; };
		02B44D261FF0771E00907F11 /* FixturesLoader.swift */ = {isa = PBXFileReference; fileEncoding = 4; lastKnownFileType = sourcecode.swift; path = FixturesLoader.swift; sourceTree = "<group>"; };
		02B44D291FF07F6E00907F11 /* ViewController.swift */ = {isa = PBXFileReference; fileEncoding = 4; lastKnownFileType = sourcecode.swift; path = ViewController.swift; sourceTree = "<group>"; };
		02B44D2B1FF0803100907F11 /* ViewControllerInteractor.swift */ = {isa = PBXFileReference; fileEncoding = 4; lastKnownFileType = sourcecode.swift; path = ViewControllerInteractor.swift; sourceTree = "<group>"; };
		02B44D2D1FF0889400907F11 /* ViewControllerPresenter.swift */ = {isa = PBXFileReference; fileEncoding = 4; lastKnownFileType = sourcecode.swift; path = ViewControllerPresenter.swift; sourceTree = "<group>"; };
		02B44D301FF3234A00907F11 /* ImageModel.swift */ = {isa = PBXFileReference; fileEncoding = 4; lastKnownFileType = sourcecode.swift; path = ImageModel.swift; sourceTree = "<group>"; };
		02D896131FF5B6E2006566C4 /* Constants.swift */ = {isa = PBXFileReference; fileEncoding = 4; lastKnownFileType = sourcecode.swift; path = Constants.swift; sourceTree = "<group>"; };
		02D896151FF5B71D006566C4 /* Extensions.swift */ = {isa = PBXFileReference; fileEncoding = 4; lastKnownFileType = sourcecode.swift; path = Extensions.swift; sourceTree = "<group>"; };
		43A7004825BAE8F194477D00 /* Pods-MNFlickrTests.debug.xcconfig */ = {isa = PBXFileReference; includeInIndex = 1; lastKnownFileType = text.xcconfig; name = "Pods-MNFlickrTests.debug.xcconfig"; path = "Pods/Target Support Files/Pods-MNFlickrTests/Pods-MNFlickrTests.debug.xcconfig"; sourceTree = "<group>"; };
		5666E50A914CA7F6DFA49B0C /* Pods_MNFlickrTests.framework */ = {isa = PBXFileReference; explicitFileType = wrapper.framework; includeInIndex = 0; path = Pods_MNFlickrTests.framework; sourceTree = BUILT_PRODUCTS_DIR; };
		5D833E53988C5DBDADDA611E /* Pods-MNFlickrTests.release.xcconfig */ = {isa = PBXFileReference; includeInIndex = 1; lastKnownFileType = text.xcconfig; name = "Pods-MNFlickrTests.release.xcconfig"; path = "Pods/Target Support Files/Pods-MNFlickrTests/Pods-MNFlickrTests.release.xcconfig"; sourceTree = "<group>"; };
		69F1418A778DE95B1CCF5263 /* Pods-MNFlickrUITests.debug.xcconfig */ = {isa = PBXFileReference; includeInIndex = 1; lastKnownFileType = text.xcconfig; name = "Pods-MNFlickrUITests.debug.xcconfig"; path = "Pods/Target Support Files/Pods-MNFlickrUITests/Pods-MNFlickrUITests.debug.xcconfig"; sourceTree = "<group>"; };
		6E320C2ECEC9FA3C32280441 /* Pods-MNFlickr.release.xcconfig */ = {isa = PBXFileReference; includeInIndex = 1; lastKnownFileType = text.xcconfig; name = "Pods-MNFlickr.release.xcconfig"; path = "Pods/Target Support Files/Pods-MNFlickr/Pods-MNFlickr.release.xcconfig"; sourceTree = "<group>"; };
		86482F20EB12E42E21B6B70C /* Pods-MNFlickrUITests.release.xcconfig */ = {isa = PBXFileReference; includeInIndex = 1; lastKnownFileType = text.xcconfig; name = "Pods-MNFlickrUITests.release.xcconfig"; path = "Pods/Target Support Files/Pods-MNFlickrUITests/Pods-MNFlickrUITests.release.xcconfig"; sourceTree = "<group>"; };
		BE4EAFE10518AD33BB7511D7 /* Pods_MNFlickr.framework */ = {isa = PBXFileReference; explicitFileType = wrapper.framework; includeInIndex = 0; path = Pods_MNFlickr.framework; sourceTree = BUILT_PRODUCTS_DIR; };
		D2F6EAAC1FF677C000ABEBF8 /* ExtensionsTests.swift */ = {isa = PBXFileReference; lastKnownFileType = sourcecode.swift; path = ExtensionsTests.swift; sourceTree = "<group>"; };
		D2F6EAAF1FF67AC400ABEBF8 /* ImageModelTests.swift */ = {isa = PBXFileReference; lastKnownFileType = sourcecode.swift; path = ImageModelTests.swift; sourceTree = "<group>"; };
		D2F6EAB21FF67F7B00ABEBF8 /* ImageFixture.json */ = {isa = PBXFileReference; lastKnownFileType = text.json; path = ImageFixture.json; sourceTree = "<group>"; };
		D2F6EAB41FF6834A00ABEBF8 /* ImageFixtureIncorrect.json */ = {isa = PBXFileReference; lastKnownFileType = text.json; path = ImageFixtureIncorrect.json; sourceTree = "<group>"; };
		D2F6EAB81FF686BE00ABEBF8 /* BasicAlert.swift */ = {isa = PBXFileReference; lastKnownFileType = sourcecode.swift; path = BasicAlert.swift; sourceTree = "<group>"; };
		D2F6EABA1FF68D0400ABEBF8 /* AlertsManager.swift */ = {isa = PBXFileReference; lastKnownFileType = sourcecode.swift; path = AlertsManager.swift; sourceTree = "<group>"; };
		D2F6EABC1FF6940E00ABEBF8 /* Module.swift */ = {isa = PBXFileReference; lastKnownFileType = sourcecode.swift; path = Module.swift; sourceTree = "<group>"; };
		E2E99195F88A59F3DD3B8E20 /* Pods_MNFlickrUITests.framework */ = {isa = PBXFileReference; explicitFileType = wrapper.framework; includeInIndex = 0; path = Pods_MNFlickrUITests.framework; sourceTree = BUILT_PRODUCTS_DIR; };
		F53A9FE0BDB3F7DF96265946 /* Pods-MNFlickr.debug.xcconfig */ = {isa = PBXFileReference; includeInIndex = 1; lastKnownFileType = text.xcconfig; name = "Pods-MNFlickr.debug.xcconfig"; path = "Pods/Target Support Files/Pods-MNFlickr/Pods-MNFlickr.debug.xcconfig"; sourceTree = "<group>"; };
/* End PBXFileReference section */

/* Begin PBXFrameworksBuildPhase section */
		020137DC1FF0053D00824DB8 /* Frameworks */ = {
			isa = PBXFrameworksBuildPhase;
			buildActionMask = 2147483647;
			files = (
				F4584944E39013B4FE672D6C /* Pods_MNFlickr.framework in Frameworks */,
			);
			runOnlyForDeploymentPostprocessing = 0;
		};
		020137F01FF0053D00824DB8 /* Frameworks */ = {
			isa = PBXFrameworksBuildPhase;
			buildActionMask = 2147483647;
			files = (
				FE48D0A5F62A7F816EE64E40 /* Pods_MNFlickrTests.framework in Frameworks */,
			);
			runOnlyForDeploymentPostprocessing = 0;
		};
		020137FB1FF0053D00824DB8 /* Frameworks */ = {
			isa = PBXFrameworksBuildPhase;
			buildActionMask = 2147483647;
			files = (
				C09BBC7339B117E656174652 /* Pods_MNFlickrUITests.framework in Frameworks */,
			);
			runOnlyForDeploymentPostprocessing = 0;
		};
/* End PBXFrameworksBuildPhase section */

/* Begin PBXGroup section */
		020137D61FF0053D00824DB8 = {
			isa = PBXGroup;
			children = (
				020137E11FF0053D00824DB8 /* MNFlickr */,
				020137F61FF0053D00824DB8 /* MNFlickrTests */,
				020138011FF0053D00824DB8 /* MNFlickrUITests */,
				020137E01FF0053D00824DB8 /* Products */,
				C1320A01DC89EB422ED025BC /* Pods */,
				1E2B840A0A2939550775C7EF /* Frameworks */,
			);
			sourceTree = "<group>";
		};
		020137E01FF0053D00824DB8 /* Products */ = {
			isa = PBXGroup;
			children = (
				020137DF1FF0053D00824DB8 /* MNFlickr.app */,
				020137F31FF0053D00824DB8 /* MNFlickrTests.xctest */,
				020137FE1FF0053D00824DB8 /* MNFlickrUITests.xctest */,
			);
			name = Products;
			sourceTree = "<group>";
		};
		020137E11FF0053D00824DB8 /* MNFlickr */ = {
			isa = PBXGroup;
			children = (
				D2F6EAB61FF685DB00ABEBF8 /* UI */,
				02D896121FF5B6C4006566C4 /* Utilities */,
				02B44D2F1FF3232F00907F11 /* Models */,
				02B44D281FF07F6E00907F11 /* Module */,
				020138101FF0134C00824DB8 /* Classes */,
				020137E21FF0053D00824DB8 /* AppDelegate.swift */,
				020137E61FF0053D00824DB8 /* Main.storyboard */,
				020137E91FF0053D00824DB8 /* Assets.xcassets */,
				020137EB1FF0053D00824DB8 /* LaunchScreen.storyboard */,
				020137EE1FF0053D00824DB8 /* Info.plist */,
			);
			path = MNFlickr;
			sourceTree = "<group>";
		};
		020137F61FF0053D00824DB8 /* MNFlickrTests */ = {
			isa = PBXGroup;
			children = (
				D2F6EAAE1FF67A9E00ABEBF8 /* Models */,
				02B44D251FF076F000907F11 /* Utilities */,
				02B44D221FF0764400907F11 /* Fixtures */,
				02B44D1F1FF06DE000907F11 /* Classes */,
				020137F91FF0053D00824DB8 /* Info.plist */,
			);
			path = MNFlickrTests;
			sourceTree = "<group>";
		};
		020138011FF0053D00824DB8 /* MNFlickrUITests */ = {
			isa = PBXGroup;
			children = (
				020138021FF0053D00824DB8 /* MNFlickrUITests.swift */,
				020138041FF0053D00824DB8 /* Info.plist */,
			);
			path = MNFlickrUITests;
			sourceTree = "<group>";
		};
		020138101FF0134C00824DB8 /* Classes */ = {
			isa = PBXGroup;
			children = (
				020138111FF0137100824DB8 /* RequestsManager.swift */,
				02B44D1D1FF054BE00907F11 /* DataParser.swift */,
			);
			path = Classes;
			sourceTree = "<group>";
		};
		02B44D1F1FF06DE000907F11 /* Classes */ = {
			isa = PBXGroup;
			children = (
				02B44D201FF06E1900907F11 /* DataParserTests.swift */,
			);
			path = Classes;
			sourceTree = "<group>";
		};
		02B44D221FF0764400907F11 /* Fixtures */ = {
			isa = PBXGroup;
			children = (
				D2F6EAB41FF6834A00ABEBF8 /* ImageFixtureIncorrect.json */,
				D2F6EAB21FF67F7B00ABEBF8 /* ImageFixture.json */,
				02B44D231FF0764400907F11 /* FlickrFixture.json */,
			);
			path = Fixtures;
			sourceTree = "<group>";
		};
		02B44D251FF076F000907F11 /* Utilities */ = {
			isa = PBXGroup;
			children = (
				02B44D261FF0771E00907F11 /* FixturesLoader.swift */,
				D2F6EAAC1FF677C000ABEBF8 /* ExtensionsTests.swift */,
			);
			path = Utilities;
			sourceTree = "<group>";
		};
		02B44D281FF07F6E00907F11 /* Module */ = {
			isa = PBXGroup;
			children = (
				02B44D291FF07F6E00907F11 /* ViewController.swift */,
				02B44D2B1FF0803100907F11 /* ViewControllerInteractor.swift */,
				02B44D2D1FF0889400907F11 /* ViewControllerPresenter.swift */,
				D2F6EABC1FF6940E00ABEBF8 /* Module.swift */,
			);
			path = Module;
			sourceTree = "<group>";
		};
		02B44D2F1FF3232F00907F11 /* Models */ = {
			isa = PBXGroup;
			children = (
				02B44D301FF3234A00907F11 /* ImageModel.swift */,
			);
			path = Models;
			sourceTree = "<group>";
		};
		02D896121FF5B6C4006566C4 /* Utilities */ = {
			isa = PBXGroup;
			children = (
				02D896131FF5B6E2006566C4 /* Constants.swift */,
				02D896151FF5B71D006566C4 /* Extensions.swift */,
			);
			path = Utilities;
			sourceTree = "<group>";
		};
		1E2B840A0A2939550775C7EF /* Frameworks */ = {
			isa = PBXGroup;
			children = (
				BE4EAFE10518AD33BB7511D7 /* Pods_MNFlickr.framework */,
				5666E50A914CA7F6DFA49B0C /* Pods_MNFlickrTests.framework */,
				E2E99195F88A59F3DD3B8E20 /* Pods_MNFlickrUITests.framework */,
			);
			name = Frameworks;
			sourceTree = "<group>";
		};
		C1320A01DC89EB422ED025BC /* Pods */ = {
			isa = PBXGroup;
			children = (
				F53A9FE0BDB3F7DF96265946 /* Pods-MNFlickr.debug.xcconfig */,
				6E320C2ECEC9FA3C32280441 /* Pods-MNFlickr.release.xcconfig */,
				43A7004825BAE8F194477D00 /* Pods-MNFlickrTests.debug.xcconfig */,
				5D833E53988C5DBDADDA611E /* Pods-MNFlickrTests.release.xcconfig */,
				69F1418A778DE95B1CCF5263 /* Pods-MNFlickrUITests.debug.xcconfig */,
				86482F20EB12E42E21B6B70C /* Pods-MNFlickrUITests.release.xcconfig */,
			);
			name = Pods;
			sourceTree = "<group>";
		};
		D2F6EAAE1FF67A9E00ABEBF8 /* Models */ = {
			isa = PBXGroup;
			children = (
				D2F6EAAF1FF67AC400ABEBF8 /* ImageModelTests.swift */,
			);
			path = Models;
			sourceTree = "<group>";
		};
		D2F6EAB61FF685DB00ABEBF8 /* UI */ = {
			isa = PBXGroup;
			children = (
				D2F6EAB71FF685DB00ABEBF8 /* Alerts */,
			);
			path = UI;
			sourceTree = "<group>";
		};
		D2F6EAB71FF685DB00ABEBF8 /* Alerts */ = {
			isa = PBXGroup;
			children = (
				D2F6EAB81FF686BE00ABEBF8 /* BasicAlert.swift */,
				D2F6EABA1FF68D0400ABEBF8 /* AlertsManager.swift */,
			);
			path = Alerts;
			sourceTree = "<group>";
		};
/* End PBXGroup section */

/* Begin PBXNativeTarget section */
		020137DE1FF0053D00824DB8 /* MNFlickr */ = {
			isa = PBXNativeTarget;
			buildConfigurationList = 020138071FF0053D00824DB8 /* Build configuration list for PBXNativeTarget "MNFlickr" */;
			buildPhases = (
				C5513DB7D4E635EFAFAC2572 /* [CP] Check Pods Manifest.lock */,
				020137DB1FF0053D00824DB8 /* Sources */,
				020137DC1FF0053D00824DB8 /* Frameworks */,
				020137DD1FF0053D00824DB8 /* Resources */,
				8D4FF09D03CF93D838F86EF7 /* [CP] Embed Pods Frameworks */,
				B9AA699FAF4BC21531ABA1B5 /* [CP] Copy Pods Resources */,
			);
			buildRules = (
			);
			dependencies = (
			);
			name = MNFlickr;
			productName = MNFlickr;
			productReference = 020137DF1FF0053D00824DB8 /* MNFlickr.app */;
			productType = "com.apple.product-type.application";
		};
		020137F21FF0053D00824DB8 /* MNFlickrTests */ = {
			isa = PBXNativeTarget;
			buildConfigurationList = 0201380A1FF0053D00824DB8 /* Build configuration list for PBXNativeTarget "MNFlickrTests" */;
			buildPhases = (
				3FD46113411813CCD55A77F0 /* [CP] Check Pods Manifest.lock */,
				020137EF1FF0053D00824DB8 /* Sources */,
				020137F01FF0053D00824DB8 /* Frameworks */,
				020137F11FF0053D00824DB8 /* Resources */,
				63E273C9D9280BC2F497CAD1 /* [CP] Embed Pods Frameworks */,
				DE0FBC1002261E5D8DFF3D67 /* [CP] Copy Pods Resources */,
			);
			buildRules = (
			);
			dependencies = (
				020137F51FF0053D00824DB8 /* PBXTargetDependency */,
			);
			name = MNFlickrTests;
			productName = MNFlickrTests;
			productReference = 020137F31FF0053D00824DB8 /* MNFlickrTests.xctest */;
			productType = "com.apple.product-type.bundle.unit-test";
		};
		020137FD1FF0053D00824DB8 /* MNFlickrUITests */ = {
			isa = PBXNativeTarget;
			buildConfigurationList = 0201380D1FF0053D00824DB8 /* Build configuration list for PBXNativeTarget "MNFlickrUITests" */;
			buildPhases = (
				8167D0E8368AA9E440542D38 /* [CP] Check Pods Manifest.lock */,
				020137FA1FF0053D00824DB8 /* Sources */,
				020137FB1FF0053D00824DB8 /* Frameworks */,
				020137FC1FF0053D00824DB8 /* Resources */,
				AAE30CEE34094DC0BBCED192 /* [CP] Embed Pods Frameworks */,
				ED0251BEEE6C573C018712B8 /* [CP] Copy Pods Resources */,
			);
			buildRules = (
			);
			dependencies = (
				020138001FF0053D00824DB8 /* PBXTargetDependency */,
			);
			name = MNFlickrUITests;
			productName = MNFlickrUITests;
			productReference = 020137FE1FF0053D00824DB8 /* MNFlickrUITests.xctest */;
			productType = "com.apple.product-type.bundle.ui-testing";
		};
/* End PBXNativeTarget section */

/* Begin PBXProject section */
		020137D71FF0053D00824DB8 /* Project object */ = {
			isa = PBXProject;
			attributes = {
				LastSwiftUpdateCheck = 0810;
				LastUpgradeCheck = 0810;
				ORGANIZATIONNAME = "Muhammad Nasir";
				TargetAttributes = {
					020137DE1FF0053D00824DB8 = {
						CreatedOnToolsVersion = 8.1;
						ProvisioningStyle = Manual;
					};
					020137F21FF0053D00824DB8 = {
						CreatedOnToolsVersion = 8.1;
						DevelopmentTeam = 4CY9HM7GKY;
						ProvisioningStyle = Automatic;
						TestTargetID = 020137DE1FF0053D00824DB8;
					};
					020137FD1FF0053D00824DB8 = {
						CreatedOnToolsVersion = 8.1;
						DevelopmentTeam = 4CY9HM7GKY;
						ProvisioningStyle = Automatic;
						TestTargetID = 020137DE1FF0053D00824DB8;
					};
				};
			};
			buildConfigurationList = 020137DA1FF0053D00824DB8 /* Build configuration list for PBXProject "MNFlickr" */;
			compatibilityVersion = "Xcode 3.2";
			developmentRegion = English;
			hasScannedForEncodings = 0;
			knownRegions = (
				en,
				Base,
			);
			mainGroup = 020137D61FF0053D00824DB8;
			productRefGroup = 020137E01FF0053D00824DB8 /* Products */;
			projectDirPath = "";
			projectRoot = "";
			targets = (
				020137DE1FF0053D00824DB8 /* MNFlickr */,
				020137F21FF0053D00824DB8 /* MNFlickrTests */,
				020137FD1FF0053D00824DB8 /* MNFlickrUITests */,
			);
		};
/* End PBXProject section */

/* Begin PBXResourcesBuildPhase section */
		020137DD1FF0053D00824DB8 /* Resources */ = {
			isa = PBXResourcesBuildPhase;
			buildActionMask = 2147483647;
			files = (
				020137ED1FF0053D00824DB8 /* LaunchScreen.storyboard in Resources */,
				020137EA1FF0053D00824DB8 /* Assets.xcassets in Resources */,
				020137E81FF0053D00824DB8 /* Main.storyboard in Resources */,
			);
			runOnlyForDeploymentPostprocessing = 0;
		};
		020137F11FF0053D00824DB8 /* Resources */ = {
			isa = PBXResourcesBuildPhase;
			buildActionMask = 2147483647;
			files = (
				02B44D241FF0764400907F11 /* FlickrFixture.json in Resources */,
				D2F6EAB31FF6803800ABEBF8 /* ImageFixture.json in Resources */,
				D2F6EAB51FF683DF00ABEBF8 /* ImageFixtureIncorrect.json in Resources */,
			);
			runOnlyForDeploymentPostprocessing = 0;
		};
		020137FC1FF0053D00824DB8 /* Resources */ = {
			isa = PBXResourcesBuildPhase;
			buildActionMask = 2147483647;
			files = (
			);
			runOnlyForDeploymentPostprocessing = 0;
		};
/* End PBXResourcesBuildPhase section */

/* Begin PBXShellScriptBuildPhase section */
		3FD46113411813CCD55A77F0 /* [CP] Check Pods Manifest.lock */ = {
			isa = PBXShellScriptBuildPhase;
			buildActionMask = 2147483647;
			files = (
			);
			inputPaths = (
			);
			name = "[CP] Check Pods Manifest.lock";
			outputPaths = (
			);
			runOnlyForDeploymentPostprocessing = 0;
			shellPath = /bin/sh;
			shellScript = "diff \"${PODS_ROOT}/../Podfile.lock\" \"${PODS_ROOT}/Manifest.lock\" > /dev/null\nif [ $? != 0 ] ; then\n    # print error to STDERR\n    echo \"error: The sandbox is not in sync with the Podfile.lock. Run 'pod install' or update your CocoaPods installation.\" >&2\n    exit 1\nfi\n";
			showEnvVarsInLog = 0;
		};
		63E273C9D9280BC2F497CAD1 /* [CP] Embed Pods Frameworks */ = {
			isa = PBXShellScriptBuildPhase;
			buildActionMask = 2147483647;
			files = (
			);
			inputPaths = (
			);
			name = "[CP] Embed Pods Frameworks";
			outputPaths = (
			);
			runOnlyForDeploymentPostprocessing = 0;
			shellPath = /bin/sh;
			shellScript = "\"${SRCROOT}/Pods/Target Support Files/Pods-MNFlickrTests/Pods-MNFlickrTests-frameworks.sh\"\n";
			showEnvVarsInLog = 0;
		};
		8167D0E8368AA9E440542D38 /* [CP] Check Pods Manifest.lock */ = {
			isa = PBXShellScriptBuildPhase;
			buildActionMask = 2147483647;
			files = (
			);
			inputPaths = (
			);
			name = "[CP] Check Pods Manifest.lock";
			outputPaths = (
			);
			runOnlyForDeploymentPostprocessing = 0;
			shellPath = /bin/sh;
			shellScript = "diff \"${PODS_ROOT}/../Podfile.lock\" \"${PODS_ROOT}/Manifest.lock\" > /dev/null\nif [ $? != 0 ] ; then\n    # print error to STDERR\n    echo \"error: The sandbox is not in sync with the Podfile.lock. Run 'pod install' or update your CocoaPods installation.\" >&2\n    exit 1\nfi\n";
			showEnvVarsInLog = 0;
		};
		8D4FF09D03CF93D838F86EF7 /* [CP] Embed Pods Frameworks */ = {
			isa = PBXShellScriptBuildPhase;
			buildActionMask = 2147483647;
			files = (
			);
			inputPaths = (
			);
			name = "[CP] Embed Pods Frameworks";
			outputPaths = (
			);
			runOnlyForDeploymentPostprocessing = 0;
			shellPath = /bin/sh;
			shellScript = "\"${SRCROOT}/Pods/Target Support Files/Pods-MNFlickr/Pods-MNFlickr-frameworks.sh\"\n";
			showEnvVarsInLog = 0;
		};
		AAE30CEE34094DC0BBCED192 /* [CP] Embed Pods Frameworks */ = {
			isa = PBXShellScriptBuildPhase;
			buildActionMask = 2147483647;
			files = (
			);
			inputPaths = (
			);
			name = "[CP] Embed Pods Frameworks";
			outputPaths = (
			);
			runOnlyForDeploymentPostprocessing = 0;
			shellPath = /bin/sh;
			shellScript = "\"${SRCROOT}/Pods/Target Support Files/Pods-MNFlickrUITests/Pods-MNFlickrUITests-frameworks.sh\"\n";
			showEnvVarsInLog = 0;
		};
		B9AA699FAF4BC21531ABA1B5 /* [CP] Copy Pods Resources */ = {
			isa = PBXShellScriptBuildPhase;
			buildActionMask = 2147483647;
			files = (
			);
			inputPaths = (
			);
			name = "[CP] Copy Pods Resources";
			outputPaths = (
			);
			runOnlyForDeploymentPostprocessing = 0;
			shellPath = /bin/sh;
			shellScript = "\"${SRCROOT}/Pods/Target Support Files/Pods-MNFlickr/Pods-MNFlickr-resources.sh\"\n";
			showEnvVarsInLog = 0;
		};
		C5513DB7D4E635EFAFAC2572 /* [CP] Check Pods Manifest.lock */ = {
			isa = PBXShellScriptBuildPhase;
			buildActionMask = 2147483647;
			files = (
			);
			inputPaths = (
			);
			name = "[CP] Check Pods Manifest.lock";
			outputPaths = (
			);
			runOnlyForDeploymentPostprocessing = 0;
			shellPath = /bin/sh;
			shellScript = "diff \"${PODS_ROOT}/../Podfile.lock\" \"${PODS_ROOT}/Manifest.lock\" > /dev/null\nif [ $? != 0 ] ; then\n    # print error to STDERR\n    echo \"error: The sandbox is not in sync with the Podfile.lock. Run 'pod install' or update your CocoaPods installation.\" >&2\n    exit 1\nfi\n";
			showEnvVarsInLog = 0;
		};
		DE0FBC1002261E5D8DFF3D67 /* [CP] Copy Pods Resources */ = {
			isa = PBXShellScriptBuildPhase;
			buildActionMask = 2147483647;
			files = (
			);
			inputPaths = (
			);
			name = "[CP] Copy Pods Resources";
			outputPaths = (
			);
			runOnlyForDeploymentPostprocessing = 0;
			shellPath = /bin/sh;
			shellScript = "\"${SRCROOT}/Pods/Target Support Files/Pods-MNFlickrTests/Pods-MNFlickrTests-resources.sh\"\n";
			showEnvVarsInLog = 0;
		};
		ED0251BEEE6C573C018712B8 /* [CP] Copy Pods Resources */ = {
			isa = PBXShellScriptBuildPhase;
			buildActionMask = 2147483647;
			files = (
			);
			inputPaths = (
			);
			name = "[CP] Copy Pods Resources";
			outputPaths = (
			);
			runOnlyForDeploymentPostprocessing = 0;
			shellPath = /bin/sh;
			shellScript = "\"${SRCROOT}/Pods/Target Support Files/Pods-MNFlickrUITests/Pods-MNFlickrUITests-resources.sh\"\n";
			showEnvVarsInLog = 0;
		};
/* End PBXShellScriptBuildPhase section */

/* Begin PBXSourcesBuildPhase section */
		020137DB1FF0053D00824DB8 /* Sources */ = {
			isa = PBXSourcesBuildPhase;
			buildActionMask = 2147483647;
			files = (
				02B44D2A1FF07F6E00907F11 /* ViewController.swift in Sources */,
				02D896161FF5B71D006566C4 /* Extensions.swift in Sources */,
				D2F6EABB1FF68D0400ABEBF8 /* AlertsManager.swift in Sources */,
				020138121FF0137100824DB8 /* RequestsManager.swift in Sources */,
				02B44D2C1FF0803100907F11 /* ViewControllerInteractor.swift in Sources */,
				D2F6EABD1FF6940E00ABEBF8 /* Module.swift in Sources */,
				02B44D2E1FF0889400907F11 /* ViewControllerPresenter.swift in Sources */,
				02B44D1E1FF054BE00907F11 /* DataParser.swift in Sources */,
				020137E31FF0053D00824DB8 /* AppDelegate.swift in Sources */,
				D2F6EAB91FF686BE00ABEBF8 /* BasicAlert.swift in Sources */,
				02B44D311FF3234A00907F11 /* ImageModel.swift in Sources */,
				02D896141FF5B6E2006566C4 /* Constants.swift in Sources */,
			);
			runOnlyForDeploymentPostprocessing = 0;
		};
		020137EF1FF0053D00824DB8 /* Sources */ = {
			isa = PBXSourcesBuildPhase;
			buildActionMask = 2147483647;
			files = (
				02B44D271FF0771E00907F11 /* FixturesLoader.swift in Sources */,
				D2F6EAAD1FF677C000ABEBF8 /* ExtensionsTests.swift in Sources */,
				02B44D211FF06E1900907F11 /* DataParserTests.swift in Sources */,
				D2F6EAB01FF67AC400ABEBF8 /* ImageModelTests.swift in Sources */,
			);
			runOnlyForDeploymentPostprocessing = 0;
		};
		020137FA1FF0053D00824DB8 /* Sources */ = {
			isa = PBXSourcesBuildPhase;
			buildActionMask = 2147483647;
			files = (
				020138031FF0053D00824DB8 /* MNFlickrUITests.swift in Sources */,
			);
			runOnlyForDeploymentPostprocessing = 0;
		};
/* End PBXSourcesBuildPhase section */

/* Begin PBXTargetDependency section */
		020137F51FF0053D00824DB8 /* PBXTargetDependency */ = {
			isa = PBXTargetDependency;
			target = 020137DE1FF0053D00824DB8 /* MNFlickr */;
			targetProxy = 020137F41FF0053D00824DB8 /* PBXContainerItemProxy */;
		};
		020138001FF0053D00824DB8 /* PBXTargetDependency */ = {
			isa = PBXTargetDependency;
			target = 020137DE1FF0053D00824DB8 /* MNFlickr */;
			targetProxy = 020137FF1FF0053D00824DB8 /* PBXContainerItemProxy */;
		};
/* End PBXTargetDependency section */

/* Begin PBXVariantGroup section */
		020137E61FF0053D00824DB8 /* Main.storyboard */ = {
			isa = PBXVariantGroup;
			children = (
				020137E71FF0053D00824DB8 /* Base */,
			);
			name = Main.storyboard;
			sourceTree = "<group>";
		};
		020137EB1FF0053D00824DB8 /* LaunchScreen.storyboard */ = {
			isa = PBXVariantGroup;
			children = (
				020137EC1FF0053D00824DB8 /* Base */,
			);
			name = LaunchScreen.storyboard;
			sourceTree = "<group>";
		};
/* End PBXVariantGroup section */

/* Begin XCBuildConfiguration section */
		020138051FF0053D00824DB8 /* Debug */ = {
			isa = XCBuildConfiguration;
			buildSettings = {
				ALWAYS_SEARCH_USER_PATHS = NO;
				CLANG_ANALYZER_NONNULL = YES;
				CLANG_CXX_LANGUAGE_STANDARD = "gnu++0x";
				CLANG_CXX_LIBRARY = "libc++";
				CLANG_ENABLE_MODULES = YES;
				CLANG_ENABLE_OBJC_ARC = YES;
				CLANG_WARN_BOOL_CONVERSION = YES;
				CLANG_WARN_CONSTANT_CONVERSION = YES;
				CLANG_WARN_DIRECT_OBJC_ISA_USAGE = YES_ERROR;
				CLANG_WARN_DOCUMENTATION_COMMENTS = YES;
				CLANG_WARN_EMPTY_BODY = YES;
				CLANG_WARN_ENUM_CONVERSION = YES;
				CLANG_WARN_INFINITE_RECURSION = YES;
				CLANG_WARN_INT_CONVERSION = YES;
				CLANG_WARN_OBJC_ROOT_CLASS = YES_ERROR;
				CLANG_WARN_SUSPICIOUS_MOVES = YES;
				CLANG_WARN_UNREACHABLE_CODE = YES;
				CLANG_WARN__DUPLICATE_METHOD_MATCH = YES;
				"CODE_SIGN_IDENTITY[sdk=iphoneos*]" = "iPhone Developer";
				COPY_PHASE_STRIP = NO;
				DEBUG_INFORMATION_FORMAT = dwarf;
				ENABLE_STRICT_OBJC_MSGSEND = YES;
				ENABLE_TESTABILITY = YES;
				GCC_C_LANGUAGE_STANDARD = gnu99;
				GCC_DYNAMIC_NO_PIC = NO;
				GCC_NO_COMMON_BLOCKS = YES;
				GCC_OPTIMIZATION_LEVEL = 0;
				GCC_PREPROCESSOR_DEFINITIONS = (
					"DEBUG=1",
					"$(inherited)",
				);
				GCC_WARN_64_TO_32_BIT_CONVERSION = YES;
				GCC_WARN_ABOUT_RETURN_TYPE = YES_ERROR;
				GCC_WARN_UNDECLARED_SELECTOR = YES;
				GCC_WARN_UNINITIALIZED_AUTOS = YES_AGGRESSIVE;
				GCC_WARN_UNUSED_FUNCTION = YES;
				GCC_WARN_UNUSED_VARIABLE = YES;
				IPHONEOS_DEPLOYMENT_TARGET = 10.1;
				MTL_ENABLE_DEBUG_INFO = YES;
				ONLY_ACTIVE_ARCH = YES;
				SDKROOT = iphoneos;
				SWIFT_ACTIVE_COMPILATION_CONDITIONS = DEBUG;
				SWIFT_OPTIMIZATION_LEVEL = "-Onone";
			};
			name = Debug;
		};
		020138061FF0053D00824DB8 /* Release */ = {
			isa = XCBuildConfiguration;
			buildSettings = {
				ALWAYS_SEARCH_USER_PATHS = NO;
				CLANG_ANALYZER_NONNULL = YES;
				CLANG_CXX_LANGUAGE_STANDARD = "gnu++0x";
				CLANG_CXX_LIBRARY = "libc++";
				CLANG_ENABLE_MODULES = YES;
				CLANG_ENABLE_OBJC_ARC = YES;
				CLANG_WARN_BOOL_CONVERSION = YES;
				CLANG_WARN_CONSTANT_CONVERSION = YES;
				CLANG_WARN_DIRECT_OBJC_ISA_USAGE = YES_ERROR;
				CLANG_WARN_DOCUMENTATION_COMMENTS = YES;
				CLANG_WARN_EMPTY_BODY = YES;
				CLANG_WARN_ENUM_CONVERSION = YES;
				CLANG_WARN_INFINITE_RECURSION = YES;
				CLANG_WARN_INT_CONVERSION = YES;
				CLANG_WARN_OBJC_ROOT_CLASS = YES_ERROR;
				CLANG_WARN_SUSPICIOUS_MOVES = YES;
				CLANG_WARN_UNREACHABLE_CODE = YES;
				CLANG_WARN__DUPLICATE_METHOD_MATCH = YES;
				"CODE_SIGN_IDENTITY[sdk=iphoneos*]" = "iPhone Developer";
				COPY_PHASE_STRIP = NO;
				DEBUG_INFORMATION_FORMAT = "dwarf-with-dsym";
				ENABLE_NS_ASSERTIONS = NO;
				ENABLE_STRICT_OBJC_MSGSEND = YES;
				GCC_C_LANGUAGE_STANDARD = gnu99;
				GCC_NO_COMMON_BLOCKS = YES;
				GCC_WARN_64_TO_32_BIT_CONVERSION = YES;
				GCC_WARN_ABOUT_RETURN_TYPE = YES_ERROR;
				GCC_WARN_UNDECLARED_SELECTOR = YES;
				GCC_WARN_UNINITIALIZED_AUTOS = YES_AGGRESSIVE;
				GCC_WARN_UNUSED_FUNCTION = YES;
				GCC_WARN_UNUSED_VARIABLE = YES;
				IPHONEOS_DEPLOYMENT_TARGET = 10.1;
				MTL_ENABLE_DEBUG_INFO = NO;
				SDKROOT = iphoneos;
				SWIFT_OPTIMIZATION_LEVEL = "-Owholemodule";
				VALIDATE_PRODUCT = YES;
			};
			name = Release;
		};
		020138081FF0053D00824DB8 /* Debug */ = {
			isa = XCBuildConfiguration;
			baseConfigurationReference = F53A9FE0BDB3F7DF96265946 /* Pods-MNFlickr.debug.xcconfig */;
			buildSettings = {
				ASSETCATALOG_COMPILER_APPICON_NAME = AppIcon;
				DEVELOPMENT_TEAM = "";
				INFOPLIST_FILE = MNFlickr/Info.plist;
				LD_RUNPATH_SEARCH_PATHS = "$(inherited) @executable_path/Frameworks";
				PRODUCT_BUNDLE_IDENTIFIER = Home.MNFlickr;
				PRODUCT_NAME = "$(TARGET_NAME)";
				SWIFT_VERSION = 3.0;
			};
			name = Debug;
		};
		020138091FF0053D00824DB8 /* Release */ = {
			isa = XCBuildConfiguration;
			baseConfigurationReference = 6E320C2ECEC9FA3C32280441 /* Pods-MNFlickr.release.xcconfig */;
			buildSettings = {
				ASSETCATALOG_COMPILER_APPICON_NAME = AppIcon;
				DEVELOPMENT_TEAM = "";
				INFOPLIST_FILE = MNFlickr/Info.plist;
				LD_RUNPATH_SEARCH_PATHS = "$(inherited) @executable_path/Frameworks";
				PRODUCT_BUNDLE_IDENTIFIER = Home.MNFlickr;
				PRODUCT_NAME = "$(TARGET_NAME)";
				SWIFT_VERSION = 3.0;
			};
			name = Release;
		};
		0201380B1FF0053D00824DB8 /* Debug */ = {
			isa = XCBuildConfiguration;
			baseConfigurationReference = 43A7004825BAE8F194477D00 /* Pods-MNFlickrTests.debug.xcconfig */;
			buildSettings = {
				ALWAYS_EMBED_SWIFT_STANDARD_LIBRARIES = YES;
				BUNDLE_LOADER = "$(TEST_HOST)";
				DEVELOPMENT_TEAM = 4CY9HM7GKY;
				INFOPLIST_FILE = MNFlickrTests/Info.plist;
				LD_RUNPATH_SEARCH_PATHS = "$(inherited) @executable_path/Frameworks @loader_path/Frameworks";
				PRODUCT_BUNDLE_IDENTIFIER = Home.MNFlickrTests;
				PRODUCT_NAME = "$(TARGET_NAME)";
				SWIFT_VERSION = 3.0;
				TEST_HOST = "$(BUILT_PRODUCTS_DIR)/MNFlickr.app/MNFlickr";
			};
			name = Debug;
		};
		0201380C1FF0053D00824DB8 /* Release */ = {
			isa = XCBuildConfiguration;
			baseConfigurationReference = 5D833E53988C5DBDADDA611E /* Pods-MNFlickrTests.release.xcconfig */;
			buildSettings = {
				ALWAYS_EMBED_SWIFT_STANDARD_LIBRARIES = YES;
				BUNDLE_LOADER = "$(TEST_HOST)";
				DEVELOPMENT_TEAM = 4CY9HM7GKY;
				INFOPLIST_FILE = MNFlickrTests/Info.plist;
				LD_RUNPATH_SEARCH_PATHS = "$(inherited) @executable_path/Frameworks @loader_path/Frameworks";
				PRODUCT_BUNDLE_IDENTIFIER = Home.MNFlickrTests;
				PRODUCT_NAME = "$(TARGET_NAME)";
				SWIFT_VERSION = 3.0;
				TEST_HOST = "$(BUILT_PRODUCTS_DIR)/MNFlickr.app/MNFlickr";
			};
			name = Release;
		};
		0201380E1FF0053D00824DB8 /* Debug */ = {
			isa = XCBuildConfiguration;
			baseConfigurationReference = 69F1418A778DE95B1CCF5263 /* Pods-MNFlickrUITests.debug.xcconfig */;
			buildSettings = {
				ALWAYS_EMBED_SWIFT_STANDARD_LIBRARIES = YES;
				DEVELOPMENT_TEAM = 4CY9HM7GKY;
				INFOPLIST_FILE = MNFlickrUITests/Info.plist;
				LD_RUNPATH_SEARCH_PATHS = "$(inherited) @executable_path/Frameworks @loader_path/Frameworks";
				PRODUCT_BUNDLE_IDENTIFIER = Home.MNFlickrUITests;
				PRODUCT_NAME = "$(TARGET_NAME)";
				SWIFT_VERSION = 3.0;
				TEST_TARGET_NAME = MNFlickr;
			};
			name = Debug;
		};
		0201380F1FF0053D00824DB8 /* Release */ = {
			isa = XCBuildConfiguration;
			baseConfigurationReference = 86482F20EB12E42E21B6B70C /* Pods-MNFlickrUITests.release.xcconfig */;
			buildSettings = {
				ALWAYS_EMBED_SWIFT_STANDARD_LIBRARIES = YES;
				DEVELOPMENT_TEAM = 4CY9HM7GKY;
				INFOPLIST_FILE = MNFlickrUITests/Info.plist;
				LD_RUNPATH_SEARCH_PATHS = "$(inherited) @executable_path/Frameworks @loader_path/Frameworks";
				PRODUCT_BUNDLE_IDENTIFIER = Home.MNFlickrUITests;
				PRODUCT_NAME = "$(TARGET_NAME)";
				SWIFT_VERSION = 3.0;
				TEST_TARGET_NAME = MNFlickr;
			};
			name = Release;
		};
/* End XCBuildConfiguration section */

/* Begin XCConfigurationList section */
		020137DA1FF0053D00824DB8 /* Build configuration list for PBXProject "MNFlickr" */ = {
			isa = XCConfigurationList;
			buildConfigurations = (
				020138051FF0053D00824DB8 /* Debug */,
				020138061FF0053D00824DB8 /* Release */,
			);
			defaultConfigurationIsVisible = 0;
			defaultConfigurationName = Release;
		};
		020138071FF0053D00824DB8 /* Build configuration list for PBXNativeTarget "MNFlickr" */ = {
			isa = XCConfigurationList;
			buildConfigurations = (
				020138081FF0053D00824DB8 /* Debug */,
				020138091FF0053D00824DB8 /* Release */,
			);
			defaultConfigurationIsVisible = 0;
			defaultConfigurationName = Release;
		};
		0201380A1FF0053D00824DB8 /* Build configuration list for PBXNativeTarget "MNFlickrTests" */ = {
			isa = XCConfigurationList;
			buildConfigurations = (
				0201380B1FF0053D00824DB8 /* Debug */,
				0201380C1FF0053D00824DB8 /* Release */,
			);
			defaultConfigurationIsVisible = 0;
			defaultConfigurationName = Release;
		};
		0201380D1FF0053D00824DB8 /* Build configuration list for PBXNativeTarget "MNFlickrUITests" */ = {
			isa = XCConfigurationList;
			buildConfigurations = (
				0201380E1FF0053D00824DB8 /* Debug */,
				0201380F1FF0053D00824DB8 /* Release */,
			);
			defaultConfigurationIsVisible = 0;
			defaultConfigurationName = Release;
		};
/* End XCConfigurationList section */
	};
	rootObject = 020137D71FF0053D00824DB8 /* Project object */;
}
